{
  "name": "@chippr-bots/marketing",
  "version": "0.1.0",
  "lockfileVersion": 3,
  "requires": true,
  "packages": {
    "": {
      "name": "@chippr-bots/marketing",
      "version": "0.1.0",
      "license": "Apache-2.0",
      "workspaces": [
        "contract",
        "pipeline",
        "adapters/*",
        "secrets"
      ],
      "engines": {
        "node": ">=20"
      }
    },
    "adapters/bluesky": {
      "name": "@chippr-bots/adapter-bluesky",
      "version": "0.1.0",
      "license": "Apache-2.0",
      "engines": {
        "node": ">=20"
      }
    },
    "adapters/mastodon": {
      "name": "@chippr-bots/adapter-mastodon",
      "version": "0.1.0",
      "license": "Apache-2.0",
      "engines": {
        "node": ">=20"
      }
    },
    "adapters/wordpress": {
      "name": "@chippr-bots/adapter-wordpress",
      "version": "0.1.0",
      "license": "Apache-2.0",
      "engines": {
        "node": ">=20"
      }
    },
    "contract": {
      "name": "@chippr-bots/marketing-contract",
      "version": "0.1.0",
      "license": "Apache-2.0",
      "engines": {
        "node": ">=20"
      }
    },
    "node_modules/@chippr-bots/adapter-bluesky": {
      "resolved": "adapters/bluesky",
      "link": true
    },
    "node_modules/@chippr-bots/adapter-mastodon": {
      "resolved": "adapters/mastodon",
      "link": true
    },
    "node_modules/@chippr-bots/adapter-wordpress": {
      "resolved": "adapters/wordpress",
      "link": true
    },
    "node_modules/@chippr-bots/marketing-contract": {
      "resolved": "contract",
      "link": true
    },
    "node_modules/@chippr-bots/marketing-pipeline": {
      "resolved": "pipeline",
      "link": true
    },
    "node_modules/@chippr-bots/marketing-secrets": {
      "resolved": "secrets",
      "link": true
    },
    "pipeline": {
      "name": "@chippr-bots/marketing-pipeline",
      "version": "0.1.0",
      "license": "Apache-2.0",
      "engines": {
        "node": ">=20"
      }
    },
    "secrets": {
      "name": "@chippr-bots/marketing-secrets",
      "version": "0.1.0",
      "license": "Apache-2.0",
      "engines": {
        "node": ">=20"
      }
    }
  }
}
