{
  "version": 4,
  "terraform_version": "0.13.1",
  "serial": 5,
  "lineage": "49f1db56-85eb-cae1-61c2-a2f5499fda65",
  "outputs": {
    "client_certificate": {
      "value": "",
      "type": "string"
    },
    "client_key": {
      "value": "",
      "type": "string"
    },
    "cluster_ca_certificate": {
      "value": "LS0tLS1CRUdJTiBDRVJUSUZJQ0FURS0tLS0tCk1JSURLekNDQWhPZ0F3SUJBZ0lSQU91d21lWDhVQlZiRE5GN2RUUHlqSk13RFFZSktvWklodmNOQVFFTEJRQXcKTHpFdE1Dc0dBMVVFQXhNa00yVXpZVGM1TjJZdFpXUTROeTAwTnpOakxXRTJNV010WTJRM05qRXlOV1UxTmpneApNQjRYRFRJd01EZ3pNVEl4TlRBek1sb1hEVEkxTURnek1ESXlOVEF6TWxvd0x6RXRNQ3NHQTFVRUF4TWtNMlV6CllUYzVOMll0WldRNE55MDBOek5qTFdFMk1XTXRZMlEzTmpFeU5XVTFOamd4TUlJQklqQU5CZ2txaGtpRzl3MEIKQVFFRkFBT0NBUThBTUlJQkNnS0NBUUVBeUdqQ3NNM1dsRG93QVdKb1Zma2FwQUNwbUhPUlZPNkZhbUQreGMvKwpwQWM2QTZsUU5TZHFxUUl5WEExUUFQaVpPaTh0YTY1cG5TYTBRMWNQOGtoWE5YNkttZWpvVlF2b2syTG93ZkE2Clgrc3l5WUdXa2trVTlHcmRHdHVNSFhzcm9tK3QrVzVUQS8zOGZOWnZ6dWMyZW44djVIRUpPRXBCaW9ZNWVxNnMKeUhucGNTUGNyRHh1dmNPSGtBZERGTVBCbGdPUFJ5cjV2MGdqeXVnaFQyT0l3eWx3UVZod0xnaC9kUkExNEVURQo0WDY1bWhLTUVkRS96azRWSjg5VFp6dXJCRHFXK1J0ejdBNnAxclpBeDg3cFFxb1pUbDdWZzZVSlc4dlJwOVJ1CldIdXVneFoyNklvNjNPQlYrdHFwdGhDWjk3T1dMVEVHdGlHcExWU3BPYzVxendJREFRQUJvMEl3UURBT0JnTlYKSFE4QkFmOEVCQU1DQWdRd0R3WURWUjBUQVFIL0JBVXdBd0VCL3pBZEJnTlZIUTRFRmdRVUM5b1lRbVovYXo3TQo4RDYwbEhIUzJIREFSeUF3RFFZSktvWklodmNOQVFFTEJRQURnZ0VCQURxRWdHRDZ0enAxNG5JU3ZaTlR2RmpjClh0eDVJM1RuQnA0WXE1eStWWkYyS0ZuYkhKSE9uMW9NSEZlY1EweThUTTYvYWRieWpHRi9CeFJ6aW9ldDM4NDcKWEo3cmlKcFdpZEsxNURvKyttLzZKU1Y4bUk5by8zZVc3YkZRVkNSUDN5VTlhU3J6L21WS0Y0cmZVR3ZwYW1mLwpzYlVrT1VOZmFacHBsZDh3NnFaYUZuSkh1ZVNVRGRtcEw2MXhWTWd4eW8zek54VG5IVnJBV0VadC9zUlY4M0V3CkxKUldrRlp5SHBnRFVudEk1ZDZtOHhRdjU4RWxjWFkvb01qYmpPS3lrdFVFWmRBT1VPQ2NJVUFvQWdDejQ4MVkKaUFqdkM2TDVXWjJkUlh4RzIzTXRXMytSa0JYQkkyd3FTNEUxaDdFYWZ3QkxkUHRpZzlIc1BFS21NZlc3SnNNPQotLS0tLUVORCBDRVJUSUZJQ0FURS0tLS0tCg==",
      "type": "string"
    }
  },
  "resources": [
    {
      "mode": "managed",
      "type": "google_compute_address",
      "name": "ip_address",
      "provider": "provider[\"registry.terraform.io/hashicorp/google\"]",
      "instances": [
        {
          "schema_version": 0,
          "attributes": {
            "address": "35.224.175.84",
            "address_type": "EXTERNAL",
            "creation_timestamp": "2020-08-31T15:50:32.554-07:00",
            "description": "",
            "id": "projects/helmsdeep/regions/us-central1/addresses/helmsdeep-address",
            "name": "helmsdeep-address",
            "network_tier": "PREMIUM",
            "project": "helmsdeep",
            "purpose": "",
            "region": "us-central1",
            "self_link": "https://www.googleapis.com/compute/v1/projects/helmsdeep/regions/us-central1/addresses/helmsdeep-address",
            "subnetwork": "",
            "timeouts": null,
            "users": []
          },
          "private": "eyJlMmJmYjczMC1lY2FhLTExZTYtOGY4OC0zNDM2M2JjN2M0YzAiOnsiY3JlYXRlIjoyNDAwMDAwMDAwMDAsImRlbGV0ZSI6MjQwMDAwMDAwMDAwfX0="
        }
      ]
    },
    {
      "mode": "managed",
      "type": "google_container_cluster",
      "name": "primary",
      "provider": "provider[\"registry.terraform.io/hashicorp/google\"]",
      "instances": [
        {
          "schema_version": 1,
          "attributes": {
            "additional_zones": [],
            "addons_config": [
              {
                "cloudrun_config": [],
                "horizontal_pod_autoscaling": [],
                "http_load_balancing": [],
                "kubernetes_dashboard": [],
                "network_policy_config": [
                  {
                    "disabled": true
                  }
                ]
              }
            ],
            "authenticator_groups_config": [],
            "cluster_autoscaling": [
              {
                "auto_provisioning_defaults": [],
                "enabled": false,
                "resource_limits": []
              }
            ],
            "cluster_ipv4_cidr": "10.60.0.0/14",
            "database_encryption": [
              {
                "key_name": "",
                "state": "DECRYPTED"
              }
            ],
            "default_max_pods_per_node": null,
            "description": "",
            "enable_binary_authorization": false,
            "enable_intranode_visibility": null,
            "enable_kubernetes_alpha": false,
            "enable_legacy_abac": false,
            "enable_shielded_nodes": false,
            "enable_tpu": null,
            "endpoint": "34.69.232.169",
            "id": "projects/helmsdeep/locations/us-central1-c/clusters/helms-deep",
            "initial_node_count": 1,
            "instance_group_urls": [],
            "ip_allocation_policy": [],
            "label_fingerprint": "a9dc16a7",
            "location": "us-central1-c",
            "logging_service": "logging.googleapis.com/kubernetes",
            "maintenance_policy": [],
            "master_auth": [
              {
                "client_certificate": "",
                "client_certificate_config": [
                  {
                    "issue_client_certificate": false
                  }
                ],
                "client_key": "",
                "cluster_ca_certificate": "LS0tLS1CRUdJTiBDRVJUSUZJQ0FURS0tLS0tCk1JSURLekNDQWhPZ0F3SUJBZ0lSQU91d21lWDhVQlZiRE5GN2RUUHlqSk13RFFZSktvWklodmNOQVFFTEJRQXcKTHpFdE1Dc0dBMVVFQXhNa00yVXpZVGM1TjJZdFpXUTROeTAwTnpOakxXRTJNV010WTJRM05qRXlOV1UxTmpneApNQjRYRFRJd01EZ3pNVEl4TlRBek1sb1hEVEkxTURnek1ESXlOVEF6TWxvd0x6RXRNQ3NHQTFVRUF4TWtNMlV6CllUYzVOMll0WldRNE55MDBOek5qTFdFMk1XTXRZMlEzTmpFeU5XVTFOamd4TUlJQklqQU5CZ2txaGtpRzl3MEIKQVFFRkFBT0NBUThBTUlJQkNnS0NBUUVBeUdqQ3NNM1dsRG93QVdKb1Zma2FwQUNwbUhPUlZPNkZhbUQreGMvKwpwQWM2QTZsUU5TZHFxUUl5WEExUUFQaVpPaTh0YTY1cG5TYTBRMWNQOGtoWE5YNkttZWpvVlF2b2syTG93ZkE2Clgrc3l5WUdXa2trVTlHcmRHdHVNSFhzcm9tK3QrVzVUQS8zOGZOWnZ6dWMyZW44djVIRUpPRXBCaW9ZNWVxNnMKeUhucGNTUGNyRHh1dmNPSGtBZERGTVBCbGdPUFJ5cjV2MGdqeXVnaFQyT0l3eWx3UVZod0xnaC9kUkExNEVURQo0WDY1bWhLTUVkRS96azRWSjg5VFp6dXJCRHFXK1J0ejdBNnAxclpBeDg3cFFxb1pUbDdWZzZVSlc4dlJwOVJ1CldIdXVneFoyNklvNjNPQlYrdHFwdGhDWjk3T1dMVEVHdGlHcExWU3BPYzVxendJREFRQUJvMEl3UURBT0JnTlYKSFE4QkFmOEVCQU1DQWdRd0R3WURWUjBUQVFIL0JBVXdBd0VCL3pBZEJnTlZIUTRFRmdRVUM5b1lRbVovYXo3TQo4RDYwbEhIUzJIREFSeUF3RFFZSktvWklodmNOQVFFTEJRQURnZ0VCQURxRWdHRDZ0enAxNG5JU3ZaTlR2RmpjClh0eDVJM1RuQnA0WXE1eStWWkYyS0ZuYkhKSE9uMW9NSEZlY1EweThUTTYvYWRieWpHRi9CeFJ6aW9ldDM4NDcKWEo3cmlKcFdpZEsxNURvKyttLzZKU1Y4bUk5by8zZVc3YkZRVkNSUDN5VTlhU3J6L21WS0Y0cmZVR3ZwYW1mLwpzYlVrT1VOZmFacHBsZDh3NnFaYUZuSkh1ZVNVRGRtcEw2MXhWTWd4eW8zek54VG5IVnJBV0VadC9zUlY4M0V3CkxKUldrRlp5SHBnRFVudEk1ZDZtOHhRdjU4RWxjWFkvb01qYmpPS3lrdFVFWmRBT1VPQ2NJVUFvQWdDejQ4MVkKaUFqdkM2TDVXWjJkUlh4RzIzTXRXMytSa0JYQkkyd3FTNEUxaDdFYWZ3QkxkUHRpZzlIc1BFS21NZlc3SnNNPQotLS0tLUVORCBDRVJUSUZJQ0FURS0tLS0tCg==",
                "password": "",
                "username": ""
              }
            ],
            "master_authorized_networks_config": [],
            "master_version": "1.15.12-gke.2",
            "min_master_version": null,
            "monitoring_service": "monitoring.googleapis.com/kubernetes",
            "name": "helms-deep",
            "network": "projects/helmsdeep/global/networks/default",
            "network_policy": [
              {
                "enabled": false,
                "provider": "PROVIDER_UNSPECIFIED"
              }
            ],
            "node_config": [],
            "node_locations": [],
            "node_pool": [],
            "node_version": "1.15.12-gke.2",
            "operation": null,
            "pod_security_policy_config": null,
            "private_cluster_config": [],
            "project": "helmsdeep",
            "region": null,
            "release_channel": [
              {
                "channel": "UNSPECIFIED"
              }
            ],
            "remove_default_node_pool": true,
            "resource_labels": null,
            "resource_usage_export_config": [],
            "services_ipv4_cidr": "10.63.240.0/20",
            "subnetwork": "projects/helmsdeep/regions/us-central1/subnetworks/default",
            "timeouts": null,
            "vertical_pod_autoscaling": [],
            "workload_identity_config": [],
            "zone": null
          },
          "private": "eyJlMmJmYjczMC1lY2FhLTExZTYtOGY4OC0zNDM2M2JjN2M0YzAiOnsiY3JlYXRlIjoyNDAwMDAwMDAwMDAwLCJkZWxldGUiOjI0MDAwMDAwMDAwMDAsInJlYWQiOjI0MDAwMDAwMDAwMDAsInVwZGF0ZSI6MzYwMDAwMDAwMDAwMH0sInNjaGVtYV92ZXJzaW9uIjoiMSJ9"
        }
      ]
    },
    {
      "mode": "managed",
      "type": "google_container_node_pool",
      "name": "primary_preemptible_nodes",
      "provider": "provider[\"registry.terraform.io/hashicorp/google\"]",
      "instances": [
        {
          "schema_version": 1,
          "attributes": {
            "autoscaling": [],
            "cluster": "helms-deep",
            "id": "projects/helmsdeep/locations/us-central1-c/clusters/helms-deep/nodePools/my-node-pool",
            "initial_node_count": 3,
            "instance_group_urls": [
              "https://www.googleapis.com/compute/v1/projects/helmsdeep/zones/us-central1-c/instanceGroupManagers/gke-helms-deep-my-node-pool-a0b6ff26-grp"
            ],
            "location": "us-central1-c",
            "management": [
              {
                "auto_repair": true,
                "auto_upgrade": true
              }
            ],
            "max_pods_per_node": null,
            "name": "my-node-pool",
            "name_prefix": "",
            "node_config": [
              {
                "disk_size_gb": 100,
                "disk_type": "pd-standard",
                "guest_accelerator": [],
                "image_type": "COS",
                "labels": {},
                "local_ssd_count": 0,
                "machine_type": "n1-standard-1",
                "metadata": {
                  "disable-legacy-endpoints": "true"
                },
                "min_cpu_platform": "",
                "oauth_scopes": [
                  "https://www.googleapis.com/auth/logging.write",
                  "https://www.googleapis.com/auth/monitoring"
                ],
                "preemptible": true,
                "sandbox_config": [],
                "service_account": "default",
                "shielded_instance_config": [
                  {
                    "enable_integrity_monitoring": true,
                    "enable_secure_boot": false
                  }
                ],
                "tags": null,
                "taint": [],
                "workload_metadata_config": []
              }
            ],
            "node_count": 3,
            "node_locations": [
              "us-central1-c"
            ],
            "project": "helmsdeep",
            "region": null,
            "timeouts": null,
            "upgrade_settings": [
              {
                "max_surge": 1,
                "max_unavailable": 0
              }
            ],
            "version": "1.15.12-gke.2",
            "zone": null
          },
          "private": "eyJlMmJmYjczMC1lY2FhLTExZTYtOGY4OC0zNDM2M2JjN2M0YzAiOnsiY3JlYXRlIjoxODAwMDAwMDAwMDAwLCJkZWxldGUiOjE4MDAwMDAwMDAwMDAsInVwZGF0ZSI6MTgwMDAwMDAwMDAwMH0sInNjaGVtYV92ZXJzaW9uIjoiMSJ9",
          "dependencies": [
            "google_container_cluster.primary"
          ]
        }
      ]
    }
  ]
}
